
Microsoft Visual Studio Solution File, Format Version 12.00
# Visual Studio Version 16
VisualStudioVersion = 16.0.32630.194
MinimumVisualStudioVersion = 10.0.40219.1
Project("{9A19103F-16F7-4668-BE54-9A1E7A4F7556}") = "JobPortal", "JobPortal\JobPortal.csproj", "{8EE4AF2E-1DEC-40C8-8296-A4798BEF281B}"
EndProject
Project("{FAE04EC0-301F-11D3-BF4B-00C04F79EFBC}") = "DBFirstMVC", "DBFirstMVC\DBFirstMVC.csproj", "{13819921-4182-46A0-BD19-BDDEED1C41AB}"
EndProject
Global
	GlobalSection(SolutionConfigurationPlatforms) = preSolution
		Debug|Any CPU = Debug|Any CPU
		Release|Any CPU = Release|Any CPU
	EndGlobalSection
	GlobalSection(ProjectConfigurationPlatforms) = postSolution
		{8EE4AF2E-1DEC-40C8-8296-A4798BEF281B}.Debug|Any CPU.ActiveCfg = Debug|Any CPU
		{8EE4AF2E-1DEC-40C8-8296-A4798BEF281B}.Debug|Any CPU.Build.0 = Debug|Any CPU
		{8EE4AF2E-1DEC-40C8-8296-A4798BEF281B}.Release|Any CPU.ActiveCfg = Release|Any CPU
		{8EE4AF2E-1DEC-40C8-8296-A4798BEF281B}.Release|Any CPU.Build.0 = Release|Any CPU
		{13819921-4182-46A0-BD19-BDDEED1C41AB}.Debug|Any CPU.ActiveCfg = Debug|Any CPU
		{13819921-4182-46A0-BD19-BDDEED1C41AB}.Debug|Any CPU.Build.0 = Debug|Any CPU
		{13819921-4182-46A0-BD19-BDDEED1C41AB}.Release|Any CPU.ActiveCfg = Release|Any CPU
		{13819921-4182-46A0-BD19-BDDEED1C41AB}.Release|Any CPU.Build.0 = Release|Any CPU
	EndGlobalSection
	GlobalSection(SolutionProperties) = preSolution
		HideSolutionNode = FALSE
	EndGlobalSection
	GlobalSection(ExtensibilityGlobals) = postSolution
		SolutionGuid = {A744B412-4E04-4A66-B43F-07538AE7579F}
	EndGlobalSection
EndGlobal
